
Microsoft Visual Studio Solution File, Format Version 12.00
# Visual Studio 15
VisualStudioVersion = 15.0.27130.2003
MinimumVisualStudioVersion = 10.0.40219.1
Project("{888888A0-9F3D-457C-B088-3A5042F75D52}") = "MaxFlow", "MaxFlow\MaxFlow.pyproj", "{AEF7CD53-7EDA-43A5-8CBC-8362203ADDE0}"
EndProject
Global
	GlobalSection(SolutionConfigurationPlatforms) = preSolution
		Debug|Any CPU = Debug|Any CPU
		Release|Any CPU = Release|Any CPU
	EndGlobalSection
	GlobalSection(ProjectConfigurationPlatforms) = postSolution
		{AEF7CD53-7EDA-43A5-8CBC-8362203ADDE0}.Debug|Any CPU.ActiveCfg = Debug|Any CPU
		{AEF7CD53-7EDA-43A5-8CBC-8362203ADDE0}.Release|Any CPU.ActiveCfg = Release|Any CPU
	EndGlobalSection
	GlobalSection(SolutionProperties) = preSolution
		HideSolutionNode = FALSE
	EndGlobalSection
	GlobalSection(ExtensibilityGlobals) = postSolution
		SolutionGuid = {41269930-6317-4FB9-BA2F-EE6A7A48582D}
	EndGlobalSection
EndGlobal
